
Microsoft Visual Studio Solution File, Format Version 12.00
# Visual Studio Version 16
VisualStudioVersion = 16.0.31624.102
MinimumVisualStudioVersion = 10.0.40219.1
Project("{FAE04EC0-301F-11D3-BF4B-00C04F79EFBC}") = "07_Server", "07_Server\07_Server.csproj", "{6FD14518-7B2B-4D0E-8BAE-D1CD8567FAB0}"
EndProject
Global
	GlobalSection(SolutionConfigurationPlatforms) = preSolution
		Debug|Any CPU = Debug|Any CPU
		Release|Any CPU = Release|Any CPU
	EndGlobalSection
	GlobalSection(ProjectConfigurationPlatforms) = postSolution
		{6FD14518-7B2B-4D0E-8BAE-D1CD8567FAB0}.Debug|Any CPU.ActiveCfg = Debug|Any CPU
		{6FD14518-7B2B-4D0E-8BAE-D1CD8567FAB0}.Debug|Any CPU.Build.0 = Debug|Any CPU
		{6FD14518-7B2B-4D0E-8BAE-D1CD8567FAB0}.Release|Any CPU.ActiveCfg = Release|Any CPU
		{6FD14518-7B2B-4D0E-8BAE-D1CD8567FAB0}.Release|Any CPU.Build.0 = Release|Any CPU
	EndGlobalSection
	GlobalSection(SolutionProperties) = preSolution
		HideSolutionNode = FALSE
	EndGlobalSection
	GlobalSection(ExtensibilityGlobals) = postSolution
		SolutionGuid = {D531E394-B041-4FF5-8BCE-AEC4EE75CA40}
	EndGlobalSection
EndGlobal
