
Microsoft Visual Studio Solution File, Format Version 12.00
# Visual Studio Version 17
VisualStudioVersion = 17.1.32421.90
MinimumVisualStudioVersion = 10.0.40219.1
Project("{FAE04EC0-301F-11D3-BF4B-00C04F79EFBC}") = "clientserver", "clientserver\clientserver.csproj", "{7872BF95-98BB-4CAB-8357-8BE865DEE813}"
EndProject
Global
	GlobalSection(SolutionConfigurationPlatforms) = preSolution
		Debug|Any CPU = Debug|Any CPU
		Release|Any CPU = Release|Any CPU
	EndGlobalSection
	GlobalSection(ProjectConfigurationPlatforms) = postSolution
		{7872BF95-98BB-4CAB-8357-8BE865DEE813}.Debug|Any CPU.ActiveCfg = Debug|Any CPU
		{7872BF95-98BB-4CAB-8357-8BE865DEE813}.Debug|Any CPU.Build.0 = Debug|Any CPU
		{7872BF95-98BB-4CAB-8357-8BE865DEE813}.Release|Any CPU.ActiveCfg = Release|Any CPU
		{7872BF95-98BB-4CAB-8357-8BE865DEE813}.Release|Any CPU.Build.0 = Release|Any CPU
	EndGlobalSection
	GlobalSection(SolutionProperties) = preSolution
		HideSolutionNode = FALSE
	EndGlobalSection
	GlobalSection(ExtensibilityGlobals) = postSolution
		SolutionGuid = {DEACB92A-9BE1-4C1C-9848-4936AF1F6568}
	EndGlobalSection
EndGlobal
