
Microsoft Visual Studio Solution File, Format Version 12.00
# Visual Studio Version 16
VisualStudioVersion = 16.0.31424.327
MinimumVisualStudioVersion = 10.0.40219.1
Project("{FAE04EC0-301F-11D3-BF4B-00C04F79EFBC}") = "Lab07", "Lab07\Lab07.csproj", "{EF9E5478-815B-4E1E-B685-76870EB29C0C}"
EndProject
Global
	GlobalSection(SolutionConfigurationPlatforms) = preSolution
		Debug|Any CPU = Debug|Any CPU
		Release|Any CPU = Release|Any CPU
	EndGlobalSection
	GlobalSection(ProjectConfigurationPlatforms) = postSolution
		{EF9E5478-815B-4E1E-B685-76870EB29C0C}.Debug|Any CPU.ActiveCfg = Debug|Any CPU
		{EF9E5478-815B-4E1E-B685-76870EB29C0C}.Debug|Any CPU.Build.0 = Debug|Any CPU
		{EF9E5478-815B-4E1E-B685-76870EB29C0C}.Release|Any CPU.ActiveCfg = Release|Any CPU
		{EF9E5478-815B-4E1E-B685-76870EB29C0C}.Release|Any CPU.Build.0 = Release|Any CPU
	EndGlobalSection
	GlobalSection(SolutionProperties) = preSolution
		HideSolutionNode = FALSE
	EndGlobalSection
	GlobalSection(ExtensibilityGlobals) = postSolution
		SolutionGuid = {E3EBE724-236D-4F60-B460-DBC2DA55A785}
	EndGlobalSection
EndGlobal
